
Microsoft Visual Studio Solution File, Format Version 12.00
# Visual Studio 15
VisualStudioVersion = 15.0.28307.106
MinimumVisualStudioVersion = 10.0.40219.1
Project("{FAE04EC0-301F-11D3-BF4B-00C04F79EFBC}") = "tabvid", "tabvid\tabvid.csproj", "{971C735D-5E9B-4937-BFD9-99CA2B09ECAB}"
EndProject
Global
	GlobalSection(SolutionConfigurationPlatforms) = preSolution
		Debug|Any CPU = Debug|Any CPU
		Release|Any CPU = Release|Any CPU
	EndGlobalSection
	GlobalSection(ProjectConfigurationPlatforms) = postSolution
		{971C735D-5E9B-4937-BFD9-99CA2B09ECAB}.Debug|Any CPU.ActiveCfg = Debug|Any CPU
		{971C735D-5E9B-4937-BFD9-99CA2B09ECAB}.Debug|Any CPU.Build.0 = Debug|Any CPU
		{971C735D-5E9B-4937-BFD9-99CA2B09ECAB}.Release|Any CPU.ActiveCfg = Release|Any CPU
		{971C735D-5E9B-4937-BFD9-99CA2B09ECAB}.Release|Any CPU.Build.0 = Release|Any CPU
	EndGlobalSection
	GlobalSection(SolutionProperties) = preSolution
		HideSolutionNode = FALSE
	EndGlobalSection
	GlobalSection(ExtensibilityGlobals) = postSolution
		SolutionGuid = {3904DA68-11C5-4D93-AAB5-0233F37889CA}
	EndGlobalSection
EndGlobal
